
Microsoft Visual Studio Solution File, Format Version 12.00
# Visual Studio Version 17
VisualStudioVersion = 17.9.34622.214
MinimumVisualStudioVersion = 10.0.40219.1
Project("{9A19103F-16F7-4668-BE54-9A1E7A4F7556}") = "Two Sum", "Two Sum\Two Sum.csproj", "{2142A930-178E-4747-B3F3-43C37DE0C8B0}"
EndProject
Project("{9A19103F-16F7-4668-BE54-9A1E7A4F7556}") = "TestFlow", "TestFlow\TestFlow.csproj", "{64B31056-B121-4340-9774-21125A1EEC47}"
EndProject
Project("{2150E333-8FDC-42A3-9474-1A3956D46DE8}") = "TwoSum", "TwoSum", "{40F90C76-64D8-484B-85B3-839EF9642D97}"
EndProject
Project("{9A19103F-16F7-4668-BE54-9A1E7A4F7556}") = "PracticeFlow", "PracticeFlow\PracticeFlow.csproj", "{EEF4B7C2-BD26-45BD-94C4-B281C322C806}"
EndProject
Project("{2150E333-8FDC-42A3-9474-1A3956D46DE8}") = "LongestSubstringWithoutRepeatingCharacters", "LongestSubstringWithoutRepeatingCharacters", "{CD72E3CE-CDA6-4E4A-92B8-108936A5607D}"
EndProject
Project("{9A19103F-16F7-4668-BE54-9A1E7A4F7556}") = "LongestSubstringWithoutRepeatingCharacters", "LongestSubstringWithoutRepeatingCharacters\LongestSubstringWithoutRepeatingCharacters.csproj", "{C1EDF9CD-569E-463A-93FC-83E68DA9799C}"
EndProject
Project("{9A19103F-16F7-4668-BE54-9A1E7A4F7556}") = "TestFlow2", "TestFlow2\TestFlow2.csproj", "{7AAB571D-71B4-42B8-B613-85A032FD267D}"
EndProject
Project("{2150E333-8FDC-42A3-9474-1A3956D46DE8}") = "RemoveDuplicatesfromSortedArray", "RemoveDuplicatesfromSortedArray", "{DD00C648-9C8A-4312-B531-54DF5BC2F7A2}"
EndProject
Project("{9A19103F-16F7-4668-BE54-9A1E7A4F7556}") = "RemoveDuplicatesfromSortedArray", "RemoveDuplicatesfromSortedArray\RemoveDuplicatesfromSortedArray.csproj", "{DDDEB522-7A0D-4535-ABAA-9598A8691F9E}"
EndProject
Project("{9A19103F-16F7-4668-BE54-9A1E7A4F7556}") = "TestFlow3", "TestFlow3\TestFlow3.csproj", "{1E71673C-1631-4EC6-8C88-3427F1942E0C}"
EndProject
Project("{2150E333-8FDC-42A3-9474-1A3956D46DE8}") = "Remove Element", "Remove Element", "{8D6698A0-7690-4BA7-8A68-DE69714E8B2B}"
EndProject
Project("{9A19103F-16F7-4668-BE54-9A1E7A4F7556}") = "RemoveElement", "RemoveElement\RemoveElement.csproj", "{0B803363-FDB4-4AF7-B275-F40749E3E2E8}"
EndProject
Project("{9A19103F-16F7-4668-BE54-9A1E7A4F7556}") = "TestFlow4", "TestFlow4\TestFlow4.csproj", "{5EB9B186-87E7-4D96-98EE-0E60381B30E1}"
EndProject
Project("{2150E333-8FDC-42A3-9474-1A3956D46DE8}") = "Easy", "Easy", "{558F12DA-8948-462A-B8F9-1775AE17FAA7}"
EndProject
Project("{2150E333-8FDC-42A3-9474-1A3956D46DE8}") = "Medium", "Medium", "{A9B5A751-E5A6-4719-A106-2BB4F1D21584}"
EndProject
Project("{FAE04EC0-301F-11D3-BF4B-00C04F79EFBC}") = "SearchInsertPosition", "SearchInsertPosition\SearchInsertPosition.csproj", "{986699FB-6801-43BB-897D-45DEE8D854C5}"
EndProject
Project("{2150E333-8FDC-42A3-9474-1A3956D46DE8}") = "Search Insert Position", "Search Insert Position", "{2E2C904A-FC1A-4DD2-AF9F-78EDCC66A3A1}"
EndProject
Project("{FAE04EC0-301F-11D3-BF4B-00C04F79EFBC}") = "TestFlow5", "TestFlow5\TestFlow5.csproj", "{4343BCAC-AC7D-498E-B92A-7E97DDC36CA5}"
EndProject
Global
	GlobalSection(SolutionConfigurationPlatforms) = preSolution
		Debug|Any CPU = Debug|Any CPU
		Release|Any CPU = Release|Any CPU
	EndGlobalSection
	GlobalSection(ProjectConfigurationPlatforms) = postSolution
		{2142A930-178E-4747-B3F3-43C37DE0C8B0}.Debug|Any CPU.ActiveCfg = Debug|Any CPU
		{2142A930-178E-4747-B3F3-43C37DE0C8B0}.Debug|Any CPU.Build.0 = Debug|Any CPU
		{2142A930-178E-4747-B3F3-43C37DE0C8B0}.Release|Any CPU.ActiveCfg = Release|Any CPU
		{2142A930-178E-4747-B3F3-43C37DE0C8B0}.Release|Any CPU.Build.0 = Release|Any CPU
		{64B31056-B121-4340-9774-21125A1EEC47}.Debug|Any CPU.ActiveCfg = Debug|Any CPU
		{64B31056-B121-4340-9774-21125A1EEC47}.Debug|Any CPU.Build.0 = Debug|Any CPU
		{64B31056-B121-4340-9774-21125A1EEC47}.Release|Any CPU.ActiveCfg = Release|Any CPU
		{64B31056-B121-4340-9774-21125A1EEC47}.Release|Any CPU.Build.0 = Release|Any CPU
		{EEF4B7C2-BD26-45BD-94C4-B281C322C806}.Debug|Any CPU.ActiveCfg = Debug|Any CPU
		{EEF4B7C2-BD26-45BD-94C4-B281C322C806}.Debug|Any CPU.Build.0 = Debug|Any CPU
		{EEF4B7C2-BD26-45BD-94C4-B281C322C806}.Release|Any CPU.ActiveCfg = Release|Any CPU
		{EEF4B7C2-BD26-45BD-94C4-B281C322C806}.Release|Any CPU.Build.0 = Release|Any CPU
		{C1EDF9CD-569E-463A-93FC-83E68DA9799C}.Debug|Any CPU.ActiveCfg = Debug|Any CPU
		{C1EDF9CD-569E-463A-93FC-83E68DA9799C}.Debug|Any CPU.Build.0 = Debug|Any CPU
		{C1EDF9CD-569E-463A-93FC-83E68DA9799C}.Release|Any CPU.ActiveCfg = Release|Any CPU
		{C1EDF9CD-569E-463A-93FC-83E68DA9799C}.Release|Any CPU.Build.0 = Release|Any CPU
		{7AAB571D-71B4-42B8-B613-85A032FD267D}.Debug|Any CPU.ActiveCfg = Debug|Any CPU
		{7AAB571D-71B4-42B8-B613-85A032FD267D}.Debug|Any CPU.Build.0 = Debug|Any CPU
		{7AAB571D-71B4-42B8-B613-85A032FD267D}.Release|Any CPU.ActiveCfg = Release|Any CPU
		{7AAB571D-71B4-42B8-B613-85A032FD267D}.Release|Any CPU.Build.0 = Release|Any CPU
		{DDDEB522-7A0D-4535-ABAA-9598A8691F9E}.Debug|Any CPU.ActiveCfg = Debug|Any CPU
		{DDDEB522-7A0D-4535-ABAA-9598A8691F9E}.Debug|Any CPU.Build.0 = Debug|Any CPU
		{DDDEB522-7A0D-4535-ABAA-9598A8691F9E}.Release|Any CPU.ActiveCfg = Release|Any CPU
		{DDDEB522-7A0D-4535-ABAA-9598A8691F9E}.Release|Any CPU.Build.0 = Release|Any CPU
		{1E71673C-1631-4EC6-8C88-3427F1942E0C}.Debug|Any CPU.ActiveCfg = Debug|Any CPU
		{1E71673C-1631-4EC6-8C88-3427F1942E0C}.Debug|Any CPU.Build.0 = Debug|Any CPU
		{1E71673C-1631-4EC6-8C88-3427F1942E0C}.Release|Any CPU.ActiveCfg = Release|Any CPU
		{1E71673C-1631-4EC6-8C88-3427F1942E0C}.Release|Any CPU.Build.0 = Release|Any CPU
		{0B803363-FDB4-4AF7-B275-F40749E3E2E8}.Debug|Any CPU.ActiveCfg = Debug|Any CPU
		{0B803363-FDB4-4AF7-B275-F40749E3E2E8}.Debug|Any CPU.Build.0 = Debug|Any CPU
		{0B803363-FDB4-4AF7-B275-F40749E3E2E8}.Release|Any CPU.ActiveCfg = Release|Any CPU
		{0B803363-FDB4-4AF7-B275-F40749E3E2E8}.Release|Any CPU.Build.0 = Release|Any CPU
		{5EB9B186-87E7-4D96-98EE-0E60381B30E1}.Debug|Any CPU.ActiveCfg = Debug|Any CPU
		{5EB9B186-87E7-4D96-98EE-0E60381B30E1}.Debug|Any CPU.Build.0 = Debug|Any CPU
		{5EB9B186-87E7-4D96-98EE-0E60381B30E1}.Release|Any CPU.ActiveCfg = Release|Any CPU
		{5EB9B186-87E7-4D96-98EE-0E60381B30E1}.Release|Any CPU.Build.0 = Release|Any CPU
		{986699FB-6801-43BB-897D-45DEE8D854C5}.Debug|Any CPU.ActiveCfg = Debug|Any CPU
		{986699FB-6801-43BB-897D-45DEE8D854C5}.Debug|Any CPU.Build.0 = Debug|Any CPU
		{986699FB-6801-43BB-897D-45DEE8D854C5}.Release|Any CPU.ActiveCfg = Release|Any CPU
		{986699FB-6801-43BB-897D-45DEE8D854C5}.Release|Any CPU.Build.0 = Release|Any CPU
		{4343BCAC-AC7D-498E-B92A-7E97DDC36CA5}.Debug|Any CPU.ActiveCfg = Debug|Any CPU
		{4343BCAC-AC7D-498E-B92A-7E97DDC36CA5}.Debug|Any CPU.Build.0 = Debug|Any CPU
		{4343BCAC-AC7D-498E-B92A-7E97DDC36CA5}.Release|Any CPU.ActiveCfg = Release|Any CPU
		{4343BCAC-AC7D-498E-B92A-7E97DDC36CA5}.Release|Any CPU.Build.0 = Release|Any CPU
	EndGlobalSection
	GlobalSection(SolutionProperties) = preSolution
		HideSolutionNode = FALSE
	EndGlobalSection
	GlobalSection(NestedProjects) = preSolution
		{2142A930-178E-4747-B3F3-43C37DE0C8B0} = {40F90C76-64D8-484B-85B3-839EF9642D97}
		{64B31056-B121-4340-9774-21125A1EEC47} = {40F90C76-64D8-484B-85B3-839EF9642D97}
		{40F90C76-64D8-484B-85B3-839EF9642D97} = {558F12DA-8948-462A-B8F9-1775AE17FAA7}
		{CD72E3CE-CDA6-4E4A-92B8-108936A5607D} = {A9B5A751-E5A6-4719-A106-2BB4F1D21584}
		{C1EDF9CD-569E-463A-93FC-83E68DA9799C} = {CD72E3CE-CDA6-4E4A-92B8-108936A5607D}
		{7AAB571D-71B4-42B8-B613-85A032FD267D} = {CD72E3CE-CDA6-4E4A-92B8-108936A5607D}
		{DD00C648-9C8A-4312-B531-54DF5BC2F7A2} = {558F12DA-8948-462A-B8F9-1775AE17FAA7}
		{DDDEB522-7A0D-4535-ABAA-9598A8691F9E} = {DD00C648-9C8A-4312-B531-54DF5BC2F7A2}
		{1E71673C-1631-4EC6-8C88-3427F1942E0C} = {DD00C648-9C8A-4312-B531-54DF5BC2F7A2}
		{8D6698A0-7690-4BA7-8A68-DE69714E8B2B} = {558F12DA-8948-462A-B8F9-1775AE17FAA7}
		{0B803363-FDB4-4AF7-B275-F40749E3E2E8} = {8D6698A0-7690-4BA7-8A68-DE69714E8B2B}
		{5EB9B186-87E7-4D96-98EE-0E60381B30E1} = {8D6698A0-7690-4BA7-8A68-DE69714E8B2B}
		{986699FB-6801-43BB-897D-45DEE8D854C5} = {2E2C904A-FC1A-4DD2-AF9F-78EDCC66A3A1}
		{2E2C904A-FC1A-4DD2-AF9F-78EDCC66A3A1} = {558F12DA-8948-462A-B8F9-1775AE17FAA7}
		{4343BCAC-AC7D-498E-B92A-7E97DDC36CA5} = {2E2C904A-FC1A-4DD2-AF9F-78EDCC66A3A1}
	EndGlobalSection
	GlobalSection(ExtensibilityGlobals) = postSolution
		SolutionGuid = {0E5D41DB-197A-4C2F-8255-4ECA73097B63}
	EndGlobalSection
EndGlobal
