
Microsoft Visual Studio Solution File, Format Version 12.00
# Visual Studio Version 17
VisualStudioVersion = 17.9.34622.214
MinimumVisualStudioVersion = 10.0.40219.1
Project("{9A19103F-16F7-4668-BE54-9A1E7A4F7556}") = "Two Sum", "Two Sum\Two Sum.csproj", "{2142A930-178E-4747-B3F3-43C37DE0C8B0}"
EndProject
Project("{9A19103F-16F7-4668-BE54-9A1E7A4F7556}") = "TestFlow", "TestFlow\TestFlow.csproj", "{64B31056-B121-4340-9774-21125A1EEC47}"
EndProject
Project("{2150E333-8FDC-42A3-9474-1A3956D46DE8}") = "TwoSum", "TwoSum", "{40F90C76-64D8-484B-85B3-839EF9642D97}"
EndProject
Project("{FAE04EC0-301F-11D3-BF4B-00C04F79EFBC}") = "PracticeFlow", "PracticeFlow\PracticeFlow.csproj", "{EEF4B7C2-BD26-45BD-94C4-B281C322C806}"
EndProject
Global
	GlobalSection(SolutionConfigurationPlatforms) = preSolution
		Debug|Any CPU = Debug|Any CPU
		Release|Any CPU = Release|Any CPU
	EndGlobalSection
	GlobalSection(ProjectConfigurationPlatforms) = postSolution
		{2142A930-178E-4747-B3F3-43C37DE0C8B0}.Debug|Any CPU.ActiveCfg = Debug|Any CPU
		{2142A930-178E-4747-B3F3-43C37DE0C8B0}.Debug|Any CPU.Build.0 = Debug|Any CPU
		{2142A930-178E-4747-B3F3-43C37DE0C8B0}.Release|Any CPU.ActiveCfg = Release|Any CPU
		{2142A930-178E-4747-B3F3-43C37DE0C8B0}.Release|Any CPU.Build.0 = Release|Any CPU
		{64B31056-B121-4340-9774-21125A1EEC47}.Debug|Any CPU.ActiveCfg = Debug|Any CPU
		{64B31056-B121-4340-9774-21125A1EEC47}.Debug|Any CPU.Build.0 = Debug|Any CPU
		{64B31056-B121-4340-9774-21125A1EEC47}.Release|Any CPU.ActiveCfg = Release|Any CPU
		{64B31056-B121-4340-9774-21125A1EEC47}.Release|Any CPU.Build.0 = Release|Any CPU
		{EEF4B7C2-BD26-45BD-94C4-B281C322C806}.Debug|Any CPU.ActiveCfg = Debug|Any CPU
		{EEF4B7C2-BD26-45BD-94C4-B281C322C806}.Debug|Any CPU.Build.0 = Debug|Any CPU
		{EEF4B7C2-BD26-45BD-94C4-B281C322C806}.Release|Any CPU.ActiveCfg = Release|Any CPU
		{EEF4B7C2-BD26-45BD-94C4-B281C322C806}.Release|Any CPU.Build.0 = Release|Any CPU
	EndGlobalSection
	GlobalSection(SolutionProperties) = preSolution
		HideSolutionNode = FALSE
	EndGlobalSection
	GlobalSection(NestedProjects) = preSolution
		{2142A930-178E-4747-B3F3-43C37DE0C8B0} = {40F90C76-64D8-484B-85B3-839EF9642D97}
		{64B31056-B121-4340-9774-21125A1EEC47} = {40F90C76-64D8-484B-85B3-839EF9642D97}
	EndGlobalSection
	GlobalSection(ExtensibilityGlobals) = postSolution
		SolutionGuid = {0E5D41DB-197A-4C2F-8255-4ECA73097B63}
	EndGlobalSection
EndGlobal
